
Microsoft Visual Studio Solution File, Format Version 12.00
# Visual Studio Version 17
VisualStudioVersion = 17.5.33516.290
MinimumVisualStudioVersion = 10.0.40219.1
Project("{FAE04EC0-301F-11D3-BF4B-00C04F79EFBC}") = "DataStructures", "DataStructures\DataStructures.csproj", "{14BCB7FC-73DC-4D57-BBC0-030D67F6BBB7}"
EndProject
Global
	GlobalSection(SolutionConfigurationPlatforms) = preSolution
		Debug|Any CPU = Debug|Any CPU
		Release|Any CPU = Release|Any CPU
	EndGlobalSection
	GlobalSection(ProjectConfigurationPlatforms) = postSolution
		{14BCB7FC-73DC-4D57-BBC0-030D67F6BBB7}.Debug|Any CPU.ActiveCfg = Debug|Any CPU
		{14BCB7FC-73DC-4D57-BBC0-030D67F6BBB7}.Debug|Any CPU.Build.0 = Debug|Any CPU
		{14BCB7FC-73DC-4D57-BBC0-030D67F6BBB7}.Release|Any CPU.ActiveCfg = Release|Any CPU
		{14BCB7FC-73DC-4D57-BBC0-030D67F6BBB7}.Release|Any CPU.Build.0 = Release|Any CPU
	EndGlobalSection
	GlobalSection(SolutionProperties) = preSolution
		HideSolutionNode = FALSE
	EndGlobalSection
	GlobalSection(ExtensibilityGlobals) = postSolution
		SolutionGuid = {F72AEAE0-1FF4-4C65-833E-1A583449F738}
	EndGlobalSection
EndGlobal
